<?xml version="1.0" encoding="utf-8"?>
<Project ToolsVersion="4.0" xmlns="http://schemas.microsoft.com/developer/msbuild/2003">
  <ItemGroup>
    <Filter Include="Source Files">
      <UniqueIdentifier>{4FC737F1-C7A5-4376-A066-2A32D752A2FF}</UniqueIdentifier>
      <Extensions>cpp;c;cc;cxx;c++;cppm;ixx;def;odl;idl;hpj;bat;asm;asmx</Extensions>
    </Filter>
    <Filter Include="Header Files">
      <UniqueIdentifier>{93995380-89BD-4b04-88EB-625FBE52EBFB}</UniqueIdentifier>
      <Extensions>h;hh;hpp;hxx;h++;hm;inl;inc;ipp;xsd</Extensions>
    </Filter>
    <Filter Include="Resource Files">
      <UniqueIdentifier>{67DA6AB6-F800-4c08-8B7A-83BB121AAD01}</UniqueIdentifier>
      <Extensions>rc;ico;cur;bmp;dlg;rc2;rct;bin;rgs;gif;jpg;jpeg;jpe;resx;tiff;tif;png;wav;mfcribbon-ms</Extensions>
    </Filter>
    <Filter Include="Event">
      <UniqueIdentifier>{b5913009-0182-4aea-8a7a-5503654198ee}</UniqueIdentifier>
    </Filter>
    <Filter Include="Map">
      <UniqueIdentifier>{18a878b3-070c-4bb6-b7e8-4e4a35d964bb}</UniqueIdentifier>
    </Filter>
    <Filter Include="Proxy">
      <UniqueIdentifier>{43119ec0-af1a-4b68-ad47-0f5f7d13920a}</UniqueIdentifier>
    </Filter>
  </ItemGroup>
  <ItemGroup>
    <ClInclude Include="Proxy\singletonproxy.h">
      <Filter>Proxy</Filter>
    </ClInclude>
    <ClInclude Include="Event\eventlistener.h">
      <Filter>Event</Filter>
    </ClInclude>
    <ClInclude Include="Event\event.h">
      <Filter>Event</Filter>
    </ClInclude>
    <ClInclude Include="Event\channel.h">
      <Filter>Event</Filter>
    </ClInclude>
    <ClInclude Include="Map\unorderedcastmap.h">
      <Filter>Map</Filter>
    </ClInclude>
    <ClInclude Include="precomp.h">
      <Filter>Header Files</Filter>
    </ClInclude>
  </ItemGroup>
  <ItemGroup>
    <ClCompile Include="Event\eventlistener.cpp">
      <Filter>Event</Filter>
    </ClCompile>
    <ClCompile Include="Event\channel.cpp">
      <Filter>Event</Filter>
    </ClCompile>
    <ClCompile Include="precomp.cpp">
      <Filter>Source Files</Filter>
    </ClCompile>
  </ItemGroup>
</Project>